
Microsoft Visual Studio Solution File, Format Version 12.00
# Visual Studio 14
VisualStudioVersion = 14.0.25420.1
MinimumVisualStudioVersion = 10.0.40219.1
Project("{FAE04EC0-301F-11D3-BF4B-00C04F79EFBC}") = "BotBuddy", "BotBuddy\BotBuddy.csproj", "{6A7D2B0C-E371-4664-BA91-FFA17552E4CB}"
EndProject
Project("{FAE04EC0-301F-11D3-BF4B-00C04F79EFBC}") = "TestHarness", "TestHarness\TestHarness.csproj", "{5D8E045F-BBE8-4087-8F98-119053BB3C2C}"
EndProject
Global
	GlobalSection(SolutionConfigurationPlatforms) = preSolution
		Debug|Any CPU = Debug|Any CPU
		Release|Any CPU = Release|Any CPU
	EndGlobalSection
	GlobalSection(ProjectConfigurationPlatforms) = postSolution
		{6A7D2B0C-E371-4664-BA91-FFA17552E4CB}.Debug|Any CPU.ActiveCfg = Debug|Any CPU
		{6A7D2B0C-E371-4664-BA91-FFA17552E4CB}.Debug|Any CPU.Build.0 = Debug|Any CPU
		{6A7D2B0C-E371-4664-BA91-FFA17552E4CB}.Release|Any CPU.ActiveCfg = Release|Any CPU
		{6A7D2B0C-E371-4664-BA91-FFA17552E4CB}.Release|Any CPU.Build.0 = Release|Any CPU
		{5D8E045F-BBE8-4087-8F98-119053BB3C2C}.Debug|Any CPU.ActiveCfg = Debug|Any CPU
		{5D8E045F-BBE8-4087-8F98-119053BB3C2C}.Debug|Any CPU.Build.0 = Debug|Any CPU
		{5D8E045F-BBE8-4087-8F98-119053BB3C2C}.Release|Any CPU.ActiveCfg = Release|Any CPU
		{5D8E045F-BBE8-4087-8F98-119053BB3C2C}.Release|Any CPU.Build.0 = Release|Any CPU
	EndGlobalSection
	GlobalSection(SolutionProperties) = preSolution
		HideSolutionNode = FALSE
	EndGlobalSection
EndGlobal
